
Microsoft Visual Studio Solution File, Format Version 12.00
# Visual Studio Version 17
VisualStudioVersion = 17.5.002.0
MinimumVisualStudioVersion = 10.0.40219.1
Project("{9A19103F-16F7-4668-BE54-9A1E7A4F7556}") = "Todo", "Todo.csproj", "{966A4B3D-CF57-4212-8144-08132CCADB48}"
EndProject
Global
	GlobalSection(SolutionConfigurationPlatforms) = preSolution
		Debug|Any CPU = Debug|Any CPU
		Release|Any CPU = Release|Any CPU
	EndGlobalSection
	GlobalSection(ProjectConfigurationPlatforms) = postSolution
		{966A4B3D-CF57-4212-8144-08132CCADB48}.Debug|Any CPU.ActiveCfg = Debug|Any CPU
		{966A4B3D-CF57-4212-8144-08132CCADB48}.Debug|Any CPU.Build.0 = Debug|Any CPU
		{966A4B3D-CF57-4212-8144-08132CCADB48}.Release|Any CPU.ActiveCfg = Release|Any CPU
		{966A4B3D-CF57-4212-8144-08132CCADB48}.Release|Any CPU.Build.0 = Release|Any CPU
	EndGlobalSection
	GlobalSection(SolutionProperties) = preSolution
		HideSolutionNode = FALSE
	EndGlobalSection
	GlobalSection(ExtensibilityGlobals) = postSolution
		SolutionGuid = {66BE3399-21F8-4AB1-83A9-BC44DF28ECA9}
	EndGlobalSection
EndGlobal
